
Microsoft Visual Studio Solution File, Format Version 12.00
# Visual Studio Version 17
VisualStudioVersion = 17.12.35527.113 d17.12
MinimumVisualStudioVersion = 10.0.40219.1
Project("{FAE04EC0-301F-11D3-BF4B-00C04F79EFBC}") = "App_Control_Servo_Press_Delta", "App_Control_Servo_Press_Delta\App_Control_Servo_Press_Delta.csproj", "{A1AE9640-4A6F-4DB1-B5BB-A7F7A5972C81}"
EndProject
Global
	GlobalSection(SolutionConfigurationPlatforms) = preSolution
		Debug|Any CPU = Debug|Any CPU
		Release|Any CPU = Release|Any CPU
	EndGlobalSection
	GlobalSection(ProjectConfigurationPlatforms) = postSolution
		{A1AE9640-4A6F-4DB1-B5BB-A7F7A5972C81}.Debug|Any CPU.ActiveCfg = Debug|Any CPU
		{A1AE9640-4A6F-4DB1-B5BB-A7F7A5972C81}.Debug|Any CPU.Build.0 = Debug|Any CPU
		{A1AE9640-4A6F-4DB1-B5BB-A7F7A5972C81}.Release|Any CPU.ActiveCfg = Release|Any CPU
		{A1AE9640-4A6F-4DB1-B5BB-A7F7A5972C81}.Release|Any CPU.Build.0 = Release|Any CPU
	EndGlobalSection
	GlobalSection(SolutionProperties) = preSolution
		HideSolutionNode = FALSE
	EndGlobalSection
EndGlobal
